// !$*UTF8*$!
{
	archiveVersion = 1;
	classes = {
	};
	objectVersion = 55;
	objects = {

/* Begin PBXBuildFile section */
		E29B50C82AE86A7900A50EF1 /* AppDelegate.swift in Sources */ = {isa = PBXBuildFile; fileRef = E29B50C72AE86A7900A50EF1 /* AppDelegate.swift */; };
		E29B50CA2AE86A7900A50EF1 /* SceneDelegate.swift in Sources */ = {isa = PBXBuildFile; fileRef = E29B50C92AE86A7900A50EF1 /* SceneDelegate.swift */; };
		E29B50CC2AE86A7900A50EF1 /* ViewController.swift in Sources */ = {isa = PBXBuildFile; fileRef = E29B50CB2AE86A7900A50EF1 /* ViewController.swift */; };
		E29B50CF2AE86A7900A50EF1 /* Main.storyboard in Resources */ = {isa = PBXBuildFile; fileRef = E29B50CD2AE86A7900A50EF1 /* Main.storyboard */; };
		E29B50D22AE86A7900A50EF1 /* DavilaColeccionDeJuegos.xcdatamodeld in Sources */ = {isa = PBXBuildFile; fileRef = E29B50D02AE86A7900A50EF1 /* DavilaColeccionDeJuegos.xcdatamodeld */; };
		E29B50D42AE86A7E00A50EF1 /* Assets.xcassets in Resources */ = {isa = PBXBuildFile; fileRef = E29B50D32AE86A7E00A50EF1 /* Assets.xcassets */; };
		E29B50D72AE86A7E00A50EF1 /* LaunchScreen.storyboard in Resources */ = {isa = PBXBuildFile; fileRef = E29B50D52AE86A7E00A50EF1 /* LaunchScreen.storyboard */; };
		E29B50DF2AE8782C00A50EF1 /* JuegosViewController.swift in Sources */ = {isa = PBXBuildFile; fileRef = E29B50DE2AE8782C00A50EF1 /* JuegosViewController.swift */; };
/* End PBXBuildFile section */

/* Begin PBXFileReference section */
		E29B50C42AE86A7900A50EF1 /* DavilaColeccionDeJuegos.app */ = {isa = PBXFileReference; explicitFileType = wrapper.application; includeInIndex = 0; path = DavilaColeccionDeJuegos.app; sourceTree = BUILT_PRODUCTS_DIR; };
		E29B50C72AE86A7900A50EF1 /* AppDelegate.swift */ = {isa = PBXFileReference; lastKnownFileType = sourcecode.swift; path = AppDelegate.swift; sourceTree = "<group>"; };
		E29B50C92AE86A7900A50EF1 /* SceneDelegate.swift */ = {isa = PBXFileReference; lastKnownFileType = sourcecode.swift; path = SceneDelegate.swift; sourceTree = "<group>"; };
		E29B50CB2AE86A7900A50EF1 /* ViewController.swift */ = {isa = PBXFileReference; lastKnownFileType = sourcecode.swift; path = ViewController.swift; sourceTree = "<group>"; };
		E29B50CE2AE86A7900A50EF1 /* Base */ = {isa = PBXFileReference; lastKnownFileType = file.storyboard; name = Base; path = Base.lproj/Main.storyboard; sourceTree = "<group>"; };
		E29B50D12AE86A7900A50EF1 /* DavilaColeccionDeJuegos.xcdatamodel */ = {isa = PBXFileReference; lastKnownFileType = wrapper.xcdatamodel; path = DavilaColeccionDeJuegos.xcdatamodel; sourceTree = "<group>"; };
		E29B50D32AE86A7E00A50EF1 /* Assets.xcassets */ = {isa = PBXFileReference; lastKnownFileType = folder.assetcatalog; path = Assets.xcassets; sourceTree = "<group>"; };
		E29B50D62AE86A7E00A50EF1 /* Base */ = {isa = PBXFileReference; lastKnownFileType = file.storyboard; name = Base; path = Base.lproj/LaunchScreen.storyboard; sourceTree = "<group>"; };
		E29B50D82AE86A7E00A50EF1 /* Info.plist */ = {isa = PBXFileReference; lastKnownFileType = text.plist.xml; path = Info.plist; sourceTree = "<group>"; };
		E29B50DE2AE8782C00A50EF1 /* JuegosViewController.swift */ = {isa = PBXFileReference; lastKnownFileType = sourcecode.swift; path = JuegosViewController.swift; sourceTree = "<group>"; };
/* End PBXFileReference section */

/* Begin PBXFrameworksBuildPhase section */
		E29B50C12AE86A7900A50EF1 /* Frameworks */ = {
			isa = PBXFrameworksBuildPhase;
			buildActionMask = 2147483647;
			files = (
			);
			runOnlyForDeploymentPostprocessing = 0;
		};
/* End PBXFrameworksBuildPhase section */

/* Begin PBXGroup section */
		E29B50BB2AE86A7900A50EF1 = {
			isa = PBXGroup;
			children = (
				E29B50C62AE86A7900A50EF1 /* DavilaColeccionDeJuegos */,
				E29B50C52AE86A7900A50EF1 /* Products */,
			);
			sourceTree = "<group>";
		};
		E29B50C52AE86A7900A50EF1 /* Products */ = {
			isa = PBXGroup;
			children = (
				E29B50C42AE86A7900A50EF1 /* DavilaColeccionDeJuegos.app */,
			);
			name = Products;
			sourceTree = "<group>";
		};
		E29B50C62AE86A7900A50EF1 /* DavilaColeccionDeJuegos */ = {
			isa = PBXGroup;
			children = (
				E29B50C72AE86A7900A50EF1 /* AppDelegate.swift */,
				E29B50C92AE86A7900A50EF1 /* SceneDelegate.swift */,
				E29B50CB2AE86A7900A50EF1 /* ViewController.swift */,
				E29B50CD2AE86A7900A50EF1 /* Main.storyboard */,
				E29B50DE2AE8782C00A50EF1 /* JuegosViewController.swift */,
				E29B50D32AE86A7E00A50EF1 /* Assets.xcassets */,
				E29B50D52AE86A7E00A50EF1 /* LaunchScreen.storyboard */,
				E29B50D82AE86A7E00A50EF1 /* Info.plist */,
				E29B50D02AE86A7900A50EF1 /* DavilaColeccionDeJuegos.xcdatamodeld */,
			);
			path = DavilaColeccionDeJuegos;
			sourceTree = "<group>";
		};
/* End PBXGroup section */

/* Begin PBXNativeTarget section */
		E29B50C32AE86A7900A50EF1 /* DavilaColeccionDeJuegos */ = {
			isa = PBXNativeTarget;
			buildConfigurationList = E29B50DB2AE86A7E00A50EF1 /* Build configuration list for PBXNativeTarget "DavilaColeccionDeJuegos" */;
			buildPhases = (
				E29B50C02AE86A7900A50EF1 /* Sources */,
				E29B50C12AE86A7900A50EF1 /* Frameworks */,
				E29B50C22AE86A7900A50EF1 /* Resources */,
			);
			buildRules = (
			);
			dependencies = (
			);
			name = DavilaColeccionDeJuegos;
			productName = DavilaColeccionDeJuegos;
			productReference = E29B50C42AE86A7900A50EF1 /* DavilaColeccionDeJuegos.app */;
			productType = "com.apple.product-type.application";
		};
/* End PBXNativeTarget section */

/* Begin PBXProject section */
		E29B50BC2AE86A7900A50EF1 /* Project object */ = {
			isa = PBXProject;
			attributes = {
				BuildIndependentTargetsInParallel = 1;
				LastSwiftUpdateCheck = 1330;
				LastUpgradeCheck = 1330;
				TargetAttributes = {
					E29B50C32AE86A7900A50EF1 = {
						CreatedOnToolsVersion = 13.3;
					};
				};
			};
			buildConfigurationList = E29B50BF2AE86A7900A50EF1 /* Build configuration list for PBXProject "DavilaColeccionDeJuegos" */;
			compatibilityVersion = "Xcode 13.0";
			developmentRegion = en;
			hasScannedForEncodings = 0;
			knownRegions = (
				en,
				Base,
			);
			mainGroup = E29B50BB2AE86A7900A50EF1;
			productRefGroup = E29B50C52AE86A7900A50EF1 /* Products */;
			projectDirPath = "";
			projectRoot = "";
			targets = (
				E29B50C32AE86A7900A50EF1 /* DavilaColeccionDeJuegos */,
			);
		};
/* End PBXProject section */

/* Begin PBXResourcesBuildPhase section */
		E29B50C22AE86A7900A50EF1 /* Resources */ = {
			isa = PBXResourcesBuildPhase;
			buildActionMask = 2147483647;
			files = (
				E29B50D72AE86A7E00A50EF1 /* LaunchScreen.storyboard in Resources */,
				E29B50D42AE86A7E00A50EF1 /* Assets.xcassets in Resources */,
				E29B50CF2AE86A7900A50EF1 /* Main.storyboard in Resources */,
			);
			runOnlyForDeploymentPostprocessing = 0;
		};
/* End PBXResourcesBuildPhase section */

/* Begin PBXSourcesBuildPhase section */
		E29B50C02AE86A7900A50EF1 /* Sources */ = {
			isa = PBXSourcesBuildPhase;
			buildActionMask = 2147483647;
			files = (
				E29B50DF2AE8782C00A50EF1 /* JuegosViewController.swift in Sources */,
				E29B50CC2AE86A7900A50EF1 /* ViewController.swift in Sources */,
				E29B50C82AE86A7900A50EF1 /* AppDelegate.swift in Sources */,
				E29B50D22AE86A7900A50EF1 /* DavilaColeccionDeJuegos.xcdatamodeld in Sources */,
				E29B50CA2AE86A7900A50EF1 /* SceneDelegate.swift in Sources */,
			);
			runOnlyForDeploymentPostprocessing = 0;
		};
/* End PBXSourcesBuildPhase section */

/* Begin PBXVariantGroup section */
		E29B50CD2AE86A7900A50EF1 /* Main.storyboard */ = {
			isa = PBXVariantGroup;
			children = (
				E29B50CE2AE86A7900A50EF1 /* Base */,
			);
			name = Main.storyboard;
			sourceTree = "<group>";
		};
		E29B50D52AE86A7E00A50EF1 /* LaunchScreen.storyboard */ = {
			isa = PBXVariantGroup;
			children = (
				E29B50D62AE86A7E00A50EF1 /* Base */,
			);
			name = LaunchScreen.storyboard;
			sourceTree = "<group>";
		};
/* End PBXVariantGroup section */

/* Begin XCBuildConfiguration section */
		E29B50D92AE86A7E00A50EF1 /* Debug */ = {
			isa = XCBuildConfiguration;
			buildSettings = {
				ALWAYS_SEARCH_USER_PATHS = NO;
				CLANG_ANALYZER_NONNULL = YES;
				CLANG_ANALYZER_NUMBER_OBJECT_CONVERSION = YES_AGGRESSIVE;
				CLANG_CXX_LANGUAGE_STANDARD = "gnu++17";
				CLANG_ENABLE_MODULES = YES;
				CLANG_ENABLE_OBJC_ARC = YES;
				CLANG_ENABLE_OBJC_WEAK = YES;
				CLANG_WARN_BLOCK_CAPTURE_AUTORELEASING = YES;
				CLANG_WARN_BOOL_CONVERSION = YES;
				CLANG_WARN_COMMA = YES;
				CLANG_WARN_CONSTANT_CONVERSION = YES;
				CLANG_WARN_DEPRECATED_OBJC_IMPLEMENTATIONS = YES;
				CLANG_WARN_DIRECT_OBJC_ISA_USAGE = YES_ERROR;
				CLANG_WARN_DOCUMENTATION_COMMENTS = YES;
				CLANG_WARN_EMPTY_BODY = YES;
				CLANG_WARN_ENUM_CONVERSION = YES;
				CLANG_WARN_INFINITE_RECURSION = YES;
				CLANG_WARN_INT_CONVERSION = YES;
				CLANG_WARN_NON_LITERAL_NULL_CONVERSION = YES;
				CLANG_WARN_OBJC_IMPLICIT_RETAIN_SELF = YES;
				CLANG_WARN_OBJC_LITERAL_CONVERSION = YES;
				CLANG_WARN_OBJC_ROOT_CLASS = YES_ERROR;
				CLANG_WARN_QUOTED_INCLUDE_IN_FRAMEWORK_HEADER = YES;
				CLANG_WARN_RANGE_LOOP_ANALYSIS = YES;
				CLANG_WARN_STRICT_PROTOTYPES = YES;
				CLANG_WARN_SUSPICIOUS_MOVE = YES;
				CLANG_WARN_UNGUARDED_AVAILABILITY = YES_AGGRESSIVE;
				CLANG_WARN_UNREACHABLE_CODE = YES;
				CLANG_WARN__DUPLICATE_METHOD_MATCH = YES;
				COPY_PHASE_STRIP = NO;
				DEBUG_INFORMATION_FORMAT = dwarf;
				ENABLE_STRICT_OBJC_MSGSEND = YES;
				ENABLE_TESTABILITY = YES;
				GCC_C_LANGUAGE_STANDARD = gnu11;
				GCC_DYNAMIC_NO_PIC = NO;
				GCC_NO_COMMON_BLOCKS = YES;
				GCC_OPTIMIZATION_LEVEL = 0;
				GCC_PREPROCESSOR_DEFINITIONS = (
					"DEBUG=1",
					"$(inherited)",
				);
				GCC_WARN_64_TO_32_BIT_CONVERSION = YES;
				GCC_WARN_ABOUT_RETURN_TYPE = YES_ERROR;
				GCC_WARN_UNDECLARED_SELECTOR = YES;
				GCC_WARN_UNINITIALIZED_AUTOS = YES_AGGRESSIVE;
				GCC_WARN_UNUSED_FUNCTION = YES;
				GCC_WARN_UNUSED_VARIABLE = YES;
				IPHONEOS_DEPLOYMENT_TARGET = 15.4;
				MTL_ENABLE_DEBUG_INFO = INCLUDE_SOURCE;
				MTL_FAST_MATH = YES;
				ONLY_ACTIVE_ARCH = YES;
				SDKROOT = iphoneos;
				SWIFT_ACTIVE_COMPILATION_CONDITIONS = DEBUG;
				SWIFT_OPTIMIZATION_LEVEL = "-Onone";
			};
			name = Debug;
		};
		E29B50DA2AE86A7E00A50EF1 /* Release */ = {
			isa = XCBuildConfiguration;
			buildSettings = {
				ALWAYS_SEARCH_USER_PATHS = NO;
				CLANG_ANALYZER_NONNULL = YES;
				CLANG_ANALYZER_NUMBER_OBJECT_CONVERSION = YES_AGGRESSIVE;
				CLANG_CXX_LANGUAGE_STANDARD = "gnu++17";
				CLANG_ENABLE_MODULES = YES;
				CLANG_ENABLE_OBJC_ARC = YES;
				CLANG_ENABLE_OBJC_WEAK = YES;
				CLANG_WARN_BLOCK_CAPTURE_AUTORELEASING = YES;
				CLANG_WARN_BOOL_CONVERSION = YES;
				CLANG_WARN_COMMA = YES;
				CLANG_WARN_CONSTANT_CONVERSION = YES;
				CLANG_WARN_DEPRECATED_OBJC_IMPLEMENTATIONS = YES;
				CLANG_WARN_DIRECT_OBJC_ISA_USAGE = YES_ERROR;
				CLANG_WARN_DOCUMENTATION_COMMENTS = YES;
				CLANG_WARN_EMPTY_BODY = YES;
				CLANG_WARN_ENUM_CONVERSION = YES;
				CLANG_WARN_INFINITE_RECURSION = YES;
				CLANG_WARN_INT_CONVERSION = YES;
				CLANG_WARN_NON_LITERAL_NULL_CONVERSION = YES;
				CLANG_WARN_OBJC_IMPLICIT_RETAIN_SELF = YES;
				CLANG_WARN_OBJC_LITERAL_CONVERSION = YES;
				CLANG_WARN_OBJC_ROOT_CLASS = YES_ERROR;
				CLANG_WARN_QUOTED_INCLUDE_IN_FRAMEWORK_HEADER = YES;
				CLANG_WARN_RANGE_LOOP_ANALYSIS = YES;
				CLANG_WARN_STRICT_PROTOTYPES = YES;
				CLANG_WARN_SUSPICIOUS_MOVE = YES;
				CLANG_WARN_UNGUARDED_AVAILABILITY = YES_AGGRESSIVE;
				CLANG_WARN_UNREACHABLE_CODE = YES;
				CLANG_WARN__DUPLICATE_METHOD_MATCH = YES;
				COPY_PHASE_STRIP = NO;
				DEBUG_INFORMATION_FORMAT = "dwarf-with-dsym";
				ENABLE_NS_ASSERTIONS = NO;
				ENABLE_STRICT_OBJC_MSGSEND = YES;
				GCC_C_LANGUAGE_STANDARD = gnu11;
				GCC_NO_COMMON_BLOCKS = YES;
				GCC_WARN_64_TO_32_BIT_CONVERSION = YES;
				GCC_WARN_ABOUT_RETURN_TYPE = YES_ERROR;
				GCC_WARN_UNDECLARED_SELECTOR = YES;
				GCC_WARN_UNINITIALIZED_AUTOS = YES_AGGRESSIVE;
				GCC_WARN_UNUSED_FUNCTION = YES;
				GCC_WARN_UNUSED_VARIABLE = YES;
				IPHONEOS_DEPLOYMENT_TARGET = 15.4;
				MTL_ENABLE_DEBUG_INFO = NO;
				MTL_FAST_MATH = YES;
				SDKROOT = iphoneos;
				SWIFT_COMPILATION_MODE = wholemodule;
				SWIFT_OPTIMIZATION_LEVEL = "-O";
				VALIDATE_PRODUCT = YES;
			};
			name = Release;
		};
		E29B50DC2AE86A7E00A50EF1 /* Debug */ = {
			isa = XCBuildConfiguration;
			buildSettings = {
				ASSETCATALOG_COMPILER_APPICON_NAME = AppIcon;
				ASSETCATALOG_COMPILER_GLOBAL_ACCENT_COLOR_NAME = AccentColor;
				CODE_SIGN_STYLE = Automatic;
				CURRENT_PROJECT_VERSION = 1;
				GENERATE_INFOPLIST_FILE = YES;
				INFOPLIST_FILE = DavilaColeccionDeJuegos/Info.plist;
				INFOPLIST_KEY_UIApplicationSupportsIndirectInputEvents = YES;
				INFOPLIST_KEY_UILaunchStoryboardName = LaunchScreen;
				INFOPLIST_KEY_UIMainStoryboardFile = Main;
				INFOPLIST_KEY_UISupportedInterfaceOrientations_iPad = "UIInterfaceOrientationPortrait UIInterfaceOrientationPortraitUpsideDown UIInterfaceOrientationLandscapeLeft UIInterfaceOrientationLandscapeRight";
				INFOPLIST_KEY_UISupportedInterfaceOrientations_iPhone = "UIInterfaceOrientationPortrait UIInterfaceOrientationLandscapeLeft UIInterfaceOrientationLandscapeRight";
				LD_RUNPATH_SEARCH_PATHS = (
					"$(inherited)",
					"@executable_path/Frameworks",
				);
				MARKETING_VERSION = 1.0;
				PRODUCT_BUNDLE_IDENTIFIER = com.empresa.DavilaColeccionDeJuegos;
				PRODUCT_NAME = "$(TARGET_NAME)";
				SWIFT_EMIT_LOC_STRINGS = YES;
				SWIFT_VERSION = 5.0;
				TARGETED_DEVICE_FAMILY = "1,2";
			};
			name = Debug;
		};
		E29B50DD2AE86A7E00A50EF1 /* Release */ = {
			isa = XCBuildConfiguration;
			buildSettings = {
				ASSETCATALOG_COMPILER_APPICON_NAME = AppIcon;
				ASSETCATALOG_COMPILER_GLOBAL_ACCENT_COLOR_NAME = AccentColor;
				CODE_SIGN_STYLE = Automatic;
				CURRENT_PROJECT_VERSION = 1;
				GENERATE_INFOPLIST_FILE = YES;
				INFOPLIST_FILE = DavilaColeccionDeJuegos/Info.plist;
				INFOPLIST_KEY_UIApplicationSupportsIndirectInputEvents = YES;
				INFOPLIST_KEY_UILaunchStoryboardName = LaunchScreen;
				INFOPLIST_KEY_UIMainStoryboardFile = Main;
				INFOPLIST_KEY_UISupportedInterfaceOrientations_iPad = "UIInterfaceOrientationPortrait UIInterfaceOrientationPortraitUpsideDown UIInterfaceOrientationLandscapeLeft UIInterfaceOrientationLandscapeRight";
				INFOPLIST_KEY_UISupportedInterfaceOrientations_iPhone = "UIInterfaceOrientationPortrait UIInterfaceOrientationLandscapeLeft UIInterfaceOrientationLandscapeRight";
				LD_RUNPATH_SEARCH_PATHS = (
					"$(inherited)",
					"@executable_path/Frameworks",
				);
				MARKETING_VERSION = 1.0;
				PRODUCT_BUNDLE_IDENTIFIER = com.empresa.DavilaColeccionDeJuegos;
				PRODUCT_NAME = "$(TARGET_NAME)";
				SWIFT_EMIT_LOC_STRINGS = YES;
				SWIFT_VERSION = 5.0;
				TARGETED_DEVICE_FAMILY = "1,2";
			};
			name = Release;
		};
/* End XCBuildConfiguration section */

/* Begin XCConfigurationList section */
		E29B50BF2AE86A7900A50EF1 /* Build configuration list for PBXProject "DavilaColeccionDeJuegos" */ = {
			isa = XCConfigurationList;
			buildConfigurations = (
				E29B50D92AE86A7E00A50EF1 /* Debug */,
				E29B50DA2AE86A7E00A50EF1 /* Release */,
			);
			defaultConfigurationIsVisible = 0;
			defaultConfigurationName = Release;
		};
		E29B50DB2AE86A7E00A50EF1 /* Build configuration list for PBXNativeTarget "DavilaColeccionDeJuegos" */ = {
			isa = XCConfigurationList;
			buildConfigurations = (
				E29B50DC2AE86A7E00A50EF1 /* Debug */,
				E29B50DD2AE86A7E00A50EF1 /* Release */,
			);
			defaultConfigurationIsVisible = 0;
			defaultConfigurationName = Release;
		};
/* End XCConfigurationList section */

/* Begin XCVersionGroup section */
		E29B50D02AE86A7900A50EF1 /* DavilaColeccionDeJuegos.xcdatamodeld */ = {
			isa = XCVersionGroup;
			children = (
				E29B50D12AE86A7900A50EF1 /* DavilaColeccionDeJuegos.xcdatamodel */,
			);
			currentVersion = E29B50D12AE86A7900A50EF1 /* DavilaColeccionDeJuegos.xcdatamodel */;
			path = DavilaColeccionDeJuegos.xcdatamodeld;
			sourceTree = "<group>";
			versionGroupType = wrapper.xcdatamodel;
		};
/* End XCVersionGroup section */
	};
	rootObject = E29B50BC2AE86A7900A50EF1 /* Project object */;
}
